
Microsoft Visual Studio Solution File, Format Version 12.00
# Visual Studio Version 17
VisualStudioVersion = 17.8.34525.116
MinimumVisualStudioVersion = 10.0.40219.1
Project("{9A19103F-16F7-4668-BE54-9A1E7A4F7556}") = "Tekton.ProductAPI", "Tekton.ProductAPI\Tekton.ProductAPI.csproj", "{3299C8CA-E2F7-4F94-88AD-15EB9D2742C4}"
EndProject
Project("{9A19103F-16F7-4668-BE54-9A1E7A4F7556}") = "Tekton.ProductAPI.Tests", "Tekton.ProductAPI.Tests\Tekton.ProductAPI.Tests.csproj", "{C38C4992-3C9C-4E3E-A21D-F3EBB3DD53A4}"
EndProject
Global
	GlobalSection(SolutionConfigurationPlatforms) = preSolution
		Debug|Any CPU = Debug|Any CPU
		Release|Any CPU = Release|Any CPU
	EndGlobalSection
	GlobalSection(ProjectConfigurationPlatforms) = postSolution
		{3299C8CA-E2F7-4F94-88AD-15EB9D2742C4}.Debug|Any CPU.ActiveCfg = Debug|Any CPU
		{3299C8CA-E2F7-4F94-88AD-15EB9D2742C4}.Debug|Any CPU.Build.0 = Debug|Any CPU
		{3299C8CA-E2F7-4F94-88AD-15EB9D2742C4}.Release|Any CPU.ActiveCfg = Release|Any CPU
		{3299C8CA-E2F7-4F94-88AD-15EB9D2742C4}.Release|Any CPU.Build.0 = Release|Any CPU
		{C38C4992-3C9C-4E3E-A21D-F3EBB3DD53A4}.Debug|Any CPU.ActiveCfg = Debug|Any CPU
		{C38C4992-3C9C-4E3E-A21D-F3EBB3DD53A4}.Debug|Any CPU.Build.0 = Debug|Any CPU
		{C38C4992-3C9C-4E3E-A21D-F3EBB3DD53A4}.Release|Any CPU.ActiveCfg = Release|Any CPU
		{C38C4992-3C9C-4E3E-A21D-F3EBB3DD53A4}.Release|Any CPU.Build.0 = Release|Any CPU
	EndGlobalSection
	GlobalSection(SolutionProperties) = preSolution
		HideSolutionNode = FALSE
	EndGlobalSection
	GlobalSection(ExtensibilityGlobals) = postSolution
		SolutionGuid = {AD753038-D449-417D-BE04-93FE24D3F318}
	EndGlobalSection
EndGlobal
